{
  "version": 4,
  "terraform_version": "1.4.6",
  "serial": 153,
  "lineage": "53c64aa3-ed15-63b5-3c1c-534ddfcc0142",
  "outputs": {},
  "resources": [
    {
      "mode": "data",
      "type": "template_file",
      "name": "network_config",
      "provider": "provider[\"registry.terraform.io/hashicorp/template\"]",
      "instances": [
        {
          "schema_version": 0,
          "attributes": {
            "filename": null,
            "id": "b36a1372ce4ea68b514354202c26c0365df9a17f25cd5acdeeaea525cd913edc",
            "rendered": "version: 2\nethernets:\n  ens3:\n    dhcp4: true\n",
            "template": "version: 2\nethernets:\n  ens3:\n    dhcp4: true\n",
            "vars": null
          },
          "sensitive_attributes": []
        }
      ]
    },
    {
      "mode": "data",
      "type": "template_file",
      "name": "user_data",
      "provider": "provider[\"registry.terraform.io/hashicorp/template\"]",
      "instances": [
        {
          "schema_version": 0,
          "attributes": {
            "filename": null,
            "id": "ee6624874b18cde8c1b97396471cca56473e90b0178865258151eb368e6c81f7",
            "rendered": "#cloud-config\n# vim: syntax=yaml\n#\n# ***********************\n# \t---- for more examples look at: ------\n# ---\u003e https://cloudinit.readthedocs.io/en/latest/topics/examples.html\n# ******************************\n#\n# This is the configuration syntax that the write_files module\n# will know how to understand. encoding can be given b64 or gzip or (gz+b64).\n# The content will be decoded accordingly and then written to the path that is\n# provided.\n#\n# Note: Content strings here are truncated for example purposes.\nssh_pwauth: True\nhostname: deployment\n#manage_etc_hosts: False\nchpasswd:\n  list: |\n     root:openstacklab\n     debian:openstacklab\n     ubuntu:openstacklab\n     centos:openstacklab\n     cloud-user:openstacklab\n  expire: False\n",
            "template": "#cloud-config\n# vim: syntax=yaml\n#\n# ***********************\n# \t---- for more examples look at: ------\n# ---\u003e https://cloudinit.readthedocs.io/en/latest/topics/examples.html\n# ******************************\n#\n# This is the configuration syntax that the write_files module\n# will know how to understand. encoding can be given b64 or gzip or (gz+b64).\n# The content will be decoded accordingly and then written to the path that is\n# provided.\n#\n# Note: Content strings here are truncated for example purposes.\nssh_pwauth: True\nhostname: deployment\n#manage_etc_hosts: False\nchpasswd:\n  list: |\n     root:openstacklab\n     debian:openstacklab\n     ubuntu:openstacklab\n     centos:openstacklab\n     cloud-user:openstacklab\n  expire: False\n",
            "vars": null
          },
          "sensitive_attributes": []
        }
      ]
    },
    {
      "mode": "managed",
      "type": "libvirt_cloudinit_disk",
      "name": "deployment",
      "provider": "provider[\"registry.terraform.io/dmacvicar/libvirt\"]",
      "instances": [
        {
          "schema_version": 0,
          "attributes": {
            "id": "/var/lib/libvirt/images/deployment.iso;0586c153-543a-4b20-9726-ec8306c6b753",
            "meta_data": "",
            "name": "deployment.iso",
            "network_config": "version: 2\nethernets:\n  ens3:\n    dhcp4: true\n",
            "pool": "default",
            "user_data": "#cloud-config\n# vim: syntax=yaml\n#\n# ***********************\n# \t---- for more examples look at: ------\n# ---\u003e https://cloudinit.readthedocs.io/en/latest/topics/examples.html\n# ******************************\n#\n# This is the configuration syntax that the write_files module\n# will know how to understand. encoding can be given b64 or gzip or (gz+b64).\n# The content will be decoded accordingly and then written to the path that is\n# provided.\n#\n# Note: Content strings here are truncated for example purposes.\nssh_pwauth: True\nhostname: deployment\n#manage_etc_hosts: False\nchpasswd:\n  list: |\n     root:openstacklab\n     debian:openstacklab\n     ubuntu:openstacklab\n     centos:openstacklab\n     cloud-user:openstacklab\n  expire: False\n"
          },
          "sensitive_attributes": [],
          "private": "bnVsbA==",
          "dependencies": [
            "data.template_file.network_config",
            "data.template_file.user_data"
          ]
        }
      ]
    },
    {
      "mode": "managed",
      "type": "libvirt_domain",
      "name": "deployment",
      "provider": "provider[\"registry.terraform.io/dmacvicar/libvirt\"]",
      "instances": [
        {
          "index_key": 0,
          "schema_version": 0,
          "attributes": {
            "arch": "x86_64",
            "autostart": false,
            "boot_device": [],
            "cloudinit": "/var/lib/libvirt/images/deployment.iso;0586c153-543a-4b20-9726-ec8306c6b753",
            "cmdline": [],
            "console": [
              {
                "source_host": "127.0.0.1",
                "source_path": "",
                "source_service": "0",
                "target_port": "0",
                "target_type": "serial",
                "type": "pty"
              },
              {
                "source_host": "127.0.0.1",
                "source_path": "",
                "source_service": "0",
                "target_port": "1",
                "target_type": "virtio",
                "type": "pty"
              }
            ],
            "coreos_ignition": null,
            "cpu": [
              {
                "mode": "host-passthrough"
              }
            ],
            "description": "",
            "disk": [
              {
                "block_device": "",
                "file": "",
                "scsi": true,
                "url": "",
                "volume_id": "/var/lib/libvirt/images/deployment",
                "wwn": ""
              },
              {
                "block_device": "",
                "file": "",
                "scsi": false,
                "url": "",
                "volume_id": "/var/lib/libvirt/images/deployment-cinderlvm",
                "wwn": ""
              }
            ],
            "emulator": "/usr/bin/qemu-system-x86_64",
            "filesystem": [],
            "firmware": null,
            "fw_cfg_name": "opt/com.coreos/config",
            "graphics": [],
            "id": "48ec2c65-5c91-4217-a666-ba5e8c77a1ad",
            "initrd": "",
            "kernel": "",
            "machine": "ubuntu",
            "memory": 24576,
            "metadata": null,
            "name": "deployment",
            "network_interface": [
              {
                "addresses": [
                  "10.17.4.50"
                ],
                "bridge": "",
                "hostname": "deployment",
                "mac": "52:54:00:6E:89:CB",
                "macvtap": "",
                "network_id": "ac07efaa-3079-447c-88bf-353736c0ce49",
                "network_name": "internal",
                "passthrough": "",
                "vepa": "",
                "wait_for_lease": false
              },
              {
                "addresses": [],
                "bridge": "",
                "hostname": "deployment",
                "mac": "52:54:00:1E:3B:D6",
                "macvtap": "",
                "network_id": "d1a1c48a-64db-4075-b80a-b0ab32639c6e",
                "network_name": "external",
                "passthrough": "",
                "vepa": "",
                "wait_for_lease": false
              }
            ],
            "nvram": [],
            "qemu_agent": false,
            "running": true,
            "timeouts": null,
            "tpm": [],
            "type": "kvm",
            "vcpu": 4,
            "video": [],
            "xml": []
          },
          "sensitive_attributes": [],
          "private": "eyJlMmJmYjczMC1lY2FhLTExZTYtOGY4OC0zNDM2M2JjN2M0YzAiOnsiY3JlYXRlIjozMDAwMDAwMDAwMDB9fQ==",
          "dependencies": [
            "libvirt_cloudinit_disk.deployment",
            "libvirt_network.externalnet",
            "libvirt_network.internalnet",
            "libvirt_volume.deployment",
            "libvirt_volume.deployment_cinderlvm"
          ]
        }
      ]
    },
    {
      "mode": "managed",
      "type": "libvirt_network",
      "name": "externalnet",
      "provider": "provider[\"registry.terraform.io/dmacvicar/libvirt\"]",
      "instances": [
        {
          "schema_version": 0,
          "attributes": {
            "addresses": [
              "10.17.10.0/24"
            ],
            "autostart": true,
            "bridge": "virbr2",
            "dhcp": [
              {
                "enabled": true
              }
            ],
            "dns": [
              {
                "enabled": false,
                "forwarders": [],
                "hosts": [],
                "local_only": false,
                "srvs": []
              }
            ],
            "dnsmasq_options": [],
            "domain": null,
            "id": "d1a1c48a-64db-4075-b80a-b0ab32639c6e",
            "mode": "none",
            "mtu": 9000,
            "name": "external",
            "routes": [],
            "xml": []
          },
          "sensitive_attributes": [],
          "private": "bnVsbA=="
        }
      ]
    },
    {
      "mode": "managed",
      "type": "libvirt_network",
      "name": "internalnet",
      "provider": "provider[\"registry.terraform.io/dmacvicar/libvirt\"]",
      "instances": [
        {
          "schema_version": 0,
          "attributes": {
            "addresses": [
              "10.17.4.0/24"
            ],
            "autostart": true,
            "bridge": "virbr3",
            "dhcp": [
              {
                "enabled": true
              }
            ],
            "dns": [
              {
                "enabled": true,
                "forwarders": [],
                "hosts": [],
                "local_only": true,
                "srvs": []
              }
            ],
            "dnsmasq_options": [],
            "domain": null,
            "id": "ac07efaa-3079-447c-88bf-353736c0ce49",
            "mode": "nat",
            "mtu": 9000,
            "name": "internal",
            "routes": [],
            "xml": []
          },
          "sensitive_attributes": [],
          "private": "bnVsbA=="
        }
      ]
    },
    {
      "mode": "managed",
      "type": "libvirt_network",
      "name": "natnet",
      "provider": "provider[\"registry.terraform.io/dmacvicar/libvirt\"]",
      "instances": [
        {
          "schema_version": 0,
          "attributes": {
            "addresses": [
              "10.17.3.0/24"
            ],
            "autostart": true,
            "bridge": "virbr1",
            "dhcp": [
              {
                "enabled": true
              }
            ],
            "dns": [
              {
                "enabled": true,
                "forwarders": [],
                "hosts": [],
                "local_only": true,
                "srvs": []
              }
            ],
            "dnsmasq_options": [],
            "domain": null,
            "id": "0341cd49-b892-4b77-b932-888e784e7bd4",
            "mode": "nat",
            "mtu": 9000,
            "name": "natnetwork",
            "routes": [],
            "xml": []
          },
          "sensitive_attributes": [],
          "private": "bnVsbA=="
        }
      ]
    },
    {
      "mode": "managed",
      "type": "libvirt_volume",
      "name": "baseimage-qcow2",
      "provider": "provider[\"registry.terraform.io/dmacvicar/libvirt\"]",
      "instances": [
        {
          "schema_version": 0,
          "attributes": {
            "base_volume_id": null,
            "base_volume_name": null,
            "base_volume_pool": null,
            "format": "qcow2",
            "id": "/var/lib/libvirt/images/baseimage-qcow2",
            "name": "baseimage-qcow2",
            "pool": "default",
            "size": 10737418240,
            "source": "http://localhost/CentOS-Stream-GenericCloud-9-latest.x86_64.qcow2",
            "xml": []
          },
          "sensitive_attributes": [],
          "private": "bnVsbA=="
        }
      ]
    },
    {
      "mode": "managed",
      "type": "libvirt_volume",
      "name": "deployment",
      "provider": "provider[\"registry.terraform.io/dmacvicar/libvirt\"]",
      "instances": [
        {
          "schema_version": 0,
          "attributes": {
            "base_volume_id": "/var/lib/libvirt/images/baseimage-qcow2",
            "base_volume_name": null,
            "base_volume_pool": null,
            "format": "qcow2",
            "id": "/var/lib/libvirt/images/deployment",
            "name": "deployment",
            "pool": "default",
            "size": 64424509440,
            "source": null,
            "xml": []
          },
          "sensitive_attributes": [],
          "private": "bnVsbA==",
          "dependencies": [
            "libvirt_volume.baseimage-qcow2"
          ]
        }
      ]
    },
    {
      "mode": "managed",
      "type": "libvirt_volume",
      "name": "deployment_cinderlvm",
      "provider": "provider[\"registry.terraform.io/dmacvicar/libvirt\"]",
      "instances": [
        {
          "schema_version": 0,
          "attributes": {
            "base_volume_id": null,
            "base_volume_name": null,
            "base_volume_pool": null,
            "format": "qcow2",
            "id": "/var/lib/libvirt/images/deployment-cinderlvm",
            "name": "deployment-cinderlvm",
            "pool": "default",
            "size": 21474836480,
            "source": null,
            "xml": []
          },
          "sensitive_attributes": [],
          "private": "bnVsbA=="
        }
      ]
    },
    {
      "mode": "managed",
      "type": "local_file",
      "name": "inventory",
      "provider": "provider[\"registry.terraform.io/hashicorp/local\"]",
      "instances": [
        {
          "schema_version": 0,
          "attributes": {
            "content": "[all:vars]\nansible_user=ubuntu\nansible_ssh_common_args='-o StrictHostKeyChecking=no'\nansible_become=true\nansible_password=openstacklab\n\n[deployment]\n10.17.4.50\n\n\n[compute]\n\n[control]\n",
            "content_base64": null,
            "content_base64sha256": "SSoHq7mSX2kLSISCdK3vp67PR0jREkv9HHKZFWXOoN4=",
            "content_base64sha512": "dEmXVGA59QSaSSCidDvSWouxLKeohO7N6fACTlKbqUNV6qSHXCXF1btl/OUv7Hwt3ZFALqR/Io0NeJM6tDDtkg==",
            "content_md5": "bb051d16ed16add5a0ace2a8cc6e7e22",
            "content_sha1": "5ad06bc37ed3550d4213c695e09b272ac6151819",
            "content_sha256": "492a07abb9925f690b48848274adefa7aecf4748d1124bfd1c72991565cea0de",
            "content_sha512": "744997546039f5049a4920a2743bd25a8bb12ca7a884eecde9f0024e529ba94355eaa4875c25c5d5bb65fce52fec7c2ddd91402ea47f228d0d78933ab430ed92",
            "directory_permission": "0777",
            "file_permission": "0777",
            "filename": "../ansible/inventory/inventory",
            "id": "5ad06bc37ed3550d4213c695e09b272ac6151819",
            "sensitive_content": null,
            "source": null
          },
          "sensitive_attributes": [],
          "dependencies": [
            "libvirt_cloudinit_disk.deployment",
            "libvirt_domain.compute",
            "libvirt_domain.controller",
            "libvirt_domain.deployment",
            "libvirt_network.externalnet",
            "libvirt_network.internalnet",
            "libvirt_volume.deployment",
            "libvirt_volume.deployment_cinderlvm"
          ]
        }
      ]
    }
  ],
  "check_results": null
}
